
Microsoft Visual Studio Solution File, Format Version 12.00
# Visual Studio 2012
Project("{FAE04EC0-301F-11D3-BF4B-00C04F79EFBC}") = "light_backup_tool", "light_backup_tool\light_backup_tool.csproj", "{79A9DC11-5CBB-4EDB-B1D4-3AD84C0830E6}"
EndProject
Global
	GlobalSection(SolutionConfigurationPlatforms) = preSolution
		Debug|Any CPU = Debug|Any CPU
		Release|Any CPU = Release|Any CPU
	EndGlobalSection
	GlobalSection(ProjectConfigurationPlatforms) = postSolution
		{79A9DC11-5CBB-4EDB-B1D4-3AD84C0830E6}.Debug|Any CPU.ActiveCfg = Debug|Any CPU
		{79A9DC11-5CBB-4EDB-B1D4-3AD84C0830E6}.Debug|Any CPU.Build.0 = Debug|Any CPU
		{79A9DC11-5CBB-4EDB-B1D4-3AD84C0830E6}.Release|Any CPU.ActiveCfg = Release|Any CPU
		{79A9DC11-5CBB-4EDB-B1D4-3AD84C0830E6}.Release|Any CPU.Build.0 = Release|Any CPU
	EndGlobalSection
	GlobalSection(SolutionProperties) = preSolution
		HideSolutionNode = FALSE
	EndGlobalSection
EndGlobal
